// !$*UTF8*$!
{
	archiveVersion = 1;
	classes = {
	};
	objectVersion = 46;
	objects = {

/* Begin PBXBuildFile section */
		CC0661C21DBEF81D0044F678 /* AppDelegate.swift in Sources */ = {isa = PBXBuildFile; fileRef = CC0661C11DBEF81D0044F678 /* AppDelegate.swift */; };
		CC0661C41DBEF81D0044F678 /* ViewController.swift in Sources */ = {isa = PBXBuildFile; fileRef = CC0661C31DBEF81D0044F678 /* ViewController.swift */; };
		CC0661C71DBEF81D0044F678 /* Main.storyboard in Resources */ = {isa = PBXBuildFile; fileRef = CC0661C51DBEF81D0044F678 /* Main.storyboard */; };
		CC0661C91DBEF81D0044F678 /* Assets.xcassets in Resources */ = {isa = PBXBuildFile; fileRef = CC0661C81DBEF81D0044F678 /* Assets.xcassets */; };
		CC0661CC1DBEF81D0044F678 /* LaunchScreen.storyboard in Resources */ = {isa = PBXBuildFile; fileRef = CC0661CA1DBEF81D0044F678 /* LaunchScreen.storyboard */; };
		CC0661D71DBEF81D0044F678 /* __testWithGithubTests.swift in Sources */ = {isa = PBXBuildFile; fileRef = CC0661D61DBEF81D0044F678 /* __testWithGithubTests.swift */; };
		CC0661E21DBEF81D0044F678 /* __testWithGithubUITests.swift in Sources */ = {isa = PBXBuildFile; fileRef = CC0661E11DBEF81D0044F678 /* __testWithGithubUITests.swift */; };
/* End PBXBuildFile section */

/* Begin PBXContainerItemProxy section */
		CC0661D31DBEF81D0044F678 /* PBXContainerItemProxy */ = {
			isa = PBXContainerItemProxy;
			containerPortal = CC0661B61DBEF81D0044F678 /* Project object */;
			proxyType = 1;
			remoteGlobalIDString = CC0661BD1DBEF81D0044F678;
			remoteInfo = "2-testWithGithub";
		};
		CC0661DE1DBEF81D0044F678 /* PBXContainerItemProxy */ = {
			isa = PBXContainerItemProxy;
			containerPortal = CC0661B61DBEF81D0044F678 /* Project object */;
			proxyType = 1;
			remoteGlobalIDString = CC0661BD1DBEF81D0044F678;
			remoteInfo = "2-testWithGithub";
		};
/* End PBXContainerItemProxy section */

/* Begin PBXFileReference section */
		CC0661BE1DBEF81D0044F678 /* 2-testWithGithub.app */ = {isa = PBXFileReference; explicitFileType = wrapper.application; includeInIndex = 0; path = "2-testWithGithub.app"; sourceTree = BUILT_PRODUCTS_DIR; };
		CC0661C11DBEF81D0044F678 /* AppDelegate.swift */ = {isa = PBXFileReference; lastKnownFileType = sourcecode.swift; path = AppDelegate.swift; sourceTree = "<group>"; };
		CC0661C31DBEF81D0044F678 /* ViewController.swift */ = {isa = PBXFileReference; lastKnownFileType = sourcecode.swift; path = ViewController.swift; sourceTree = "<group>"; };
		CC0661C61DBEF81D0044F678 /* Base */ = {isa = PBXFileReference; lastKnownFileType = file.storyboard; name = Base; path = Base.lproj/Main.storyboard; sourceTree = "<group>"; };
		CC0661C81DBEF81D0044F678 /* Assets.xcassets */ = {isa = PBXFileReference; lastKnownFileType = folder.assetcatalog; path = Assets.xcassets; sourceTree = "<group>"; };
		CC0661CB1DBEF81D0044F678 /* Base */ = {isa = PBXFileReference; lastKnownFileType = file.storyboard; name = Base; path = Base.lproj/LaunchScreen.storyboard; sourceTree = "<group>"; };
		CC0661CD1DBEF81D0044F678 /* Info.plist */ = {isa = PBXFileReference; lastKnownFileType = text.plist.xml; path = Info.plist; sourceTree = "<group>"; };
		CC0661D21DBEF81D0044F678 /* 2-testWithGithubTests.xctest */ = {isa = PBXFileReference; explicitFileType = wrapper.cfbundle; includeInIndex = 0; path = "2-testWithGithubTests.xctest"; sourceTree = BUILT_PRODUCTS_DIR; };
		CC0661D61DBEF81D0044F678 /* __testWithGithubTests.swift */ = {isa = PBXFileReference; lastKnownFileType = sourcecode.swift; path = __testWithGithubTests.swift; sourceTree = "<group>"; };
		CC0661D81DBEF81D0044F678 /* Info.plist */ = {isa = PBXFileReference; lastKnownFileType = text.plist.xml; path = Info.plist; sourceTree = "<group>"; };
		CC0661DD1DBEF81D0044F678 /* 2-testWithGithubUITests.xctest */ = {isa = PBXFileReference; explicitFileType = wrapper.cfbundle; includeInIndex = 0; path = "2-testWithGithubUITests.xctest"; sourceTree = BUILT_PRODUCTS_DIR; };
		CC0661E11DBEF81D0044F678 /* __testWithGithubUITests.swift */ = {isa = PBXFileReference; lastKnownFileType = sourcecode.swift; path = __testWithGithubUITests.swift; sourceTree = "<group>"; };
		CC0661E31DBEF81D0044F678 /* Info.plist */ = {isa = PBXFileReference; lastKnownFileType = text.plist.xml; path = Info.plist; sourceTree = "<group>"; };
/* End PBXFileReference section */

/* Begin PBXFrameworksBuildPhase section */
		CC0661BB1DBEF81D0044F678 /* Frameworks */ = {
			isa = PBXFrameworksBuildPhase;
			buildActionMask = 2147483647;
			files = (
			);
			runOnlyForDeploymentPostprocessing = 0;
		};
		CC0661CF1DBEF81D0044F678 /* Frameworks */ = {
			isa = PBXFrameworksBuildPhase;
			buildActionMask = 2147483647;
			files = (
			);
			runOnlyForDeploymentPostprocessing = 0;
		};
		CC0661DA1DBEF81D0044F678 /* Frameworks */ = {
			isa = PBXFrameworksBuildPhase;
			buildActionMask = 2147483647;
			files = (
			);
			runOnlyForDeploymentPostprocessing = 0;
		};
/* End PBXFrameworksBuildPhase section */

/* Begin PBXGroup section */
		CC0661B51DBEF81D0044F678 = {
			isa = PBXGroup;
			children = (
				CC0661C01DBEF81D0044F678 /* 2-testWithGithub */,
				CC0661D51DBEF81D0044F678 /* 2-testWithGithubTests */,
				CC0661E01DBEF81D0044F678 /* 2-testWithGithubUITests */,
				CC0661BF1DBEF81D0044F678 /* Products */,
			);
			sourceTree = "<group>";
		};
		CC0661BF1DBEF81D0044F678 /* Products */ = {
			isa = PBXGroup;
			children = (
				CC0661BE1DBEF81D0044F678 /* 2-testWithGithub.app */,
				CC0661D21DBEF81D0044F678 /* 2-testWithGithubTests.xctest */,
				CC0661DD1DBEF81D0044F678 /* 2-testWithGithubUITests.xctest */,
			);
			name = Products;
			sourceTree = "<group>";
		};
		CC0661C01DBEF81D0044F678 /* 2-testWithGithub */ = {
			isa = PBXGroup;
			children = (
				CC0661C11DBEF81D0044F678 /* AppDelegate.swift */,
				CC0661C31DBEF81D0044F678 /* ViewController.swift */,
				CC0661C51DBEF81D0044F678 /* Main.storyboard */,
				CC0661C81DBEF81D0044F678 /* Assets.xcassets */,
				CC0661CA1DBEF81D0044F678 /* LaunchScreen.storyboard */,
				CC0661CD1DBEF81D0044F678 /* Info.plist */,
			);
			path = "2-testWithGithub";
			sourceTree = "<group>";
		};
		CC0661D51DBEF81D0044F678 /* 2-testWithGithubTests */ = {
			isa = PBXGroup;
			children = (
				CC0661D61DBEF81D0044F678 /* __testWithGithubTests.swift */,
				CC0661D81DBEF81D0044F678 /* Info.plist */,
			);
			path = "2-testWithGithubTests";
			sourceTree = "<group>";
		};
		CC0661E01DBEF81D0044F678 /* 2-testWithGithubUITests */ = {
			isa = PBXGroup;
			children = (
				CC0661E11DBEF81D0044F678 /* __testWithGithubUITests.swift */,
				CC0661E31DBEF81D0044F678 /* Info.plist */,
			);
			path = "2-testWithGithubUITests";
			sourceTree = "<group>";
		};
/* End PBXGroup section */

/* Begin PBXNativeTarget section */
		CC0661BD1DBEF81D0044F678 /* 2-testWithGithub */ = {
			isa = PBXNativeTarget;
			buildConfigurationList = CC0661E61DBEF81D0044F678 /* Build configuration list for PBXNativeTarget "2-testWithGithub" */;
			buildPhases = (
				CC0661BA1DBEF81D0044F678 /* Sources */,
				CC0661BB1DBEF81D0044F678 /* Frameworks */,
				CC0661BC1DBEF81D0044F678 /* Resources */,
			);
			buildRules = (
			);
			dependencies = (
			);
			name = "2-testWithGithub";
			productName = "2-testWithGithub";
			productReference = CC0661BE1DBEF81D0044F678 /* 2-testWithGithub.app */;
			productType = "com.apple.product-type.application";
		};
		CC0661D11DBEF81D0044F678 /* 2-testWithGithubTests */ = {
			isa = PBXNativeTarget;
			buildConfigurationList = CC0661E91DBEF81D0044F678 /* Build configuration list for PBXNativeTarget "2-testWithGithubTests" */;
			buildPhases = (
				CC0661CE1DBEF81D0044F678 /* Sources */,
				CC0661CF1DBEF81D0044F678 /* Frameworks */,
				CC0661D01DBEF81D0044F678 /* Resources */,
			);
			buildRules = (
			);
			dependencies = (
				CC0661D41DBEF81D0044F678 /* PBXTargetDependency */,
			);
			name = "2-testWithGithubTests";
			productName = "2-testWithGithubTests";
			productReference = CC0661D21DBEF81D0044F678 /* 2-testWithGithubTests.xctest */;
			productType = "com.apple.product-type.bundle.unit-test";
		};
		CC0661DC1DBEF81D0044F678 /* 2-testWithGithubUITests */ = {
			isa = PBXNativeTarget;
			buildConfigurationList = CC0661EC1DBEF81D0044F678 /* Build configuration list for PBXNativeTarget "2-testWithGithubUITests" */;
			buildPhases = (
				CC0661D91DBEF81D0044F678 /* Sources */,
				CC0661DA1DBEF81D0044F678 /* Frameworks */,
				CC0661DB1DBEF81D0044F678 /* Resources */,
			);
			buildRules = (
			);
			dependencies = (
				CC0661DF1DBEF81D0044F678 /* PBXTargetDependency */,
			);
			name = "2-testWithGithubUITests";
			productName = "2-testWithGithubUITests";
			productReference = CC0661DD1DBEF81D0044F678 /* 2-testWithGithubUITests.xctest */;
			productType = "com.apple.product-type.bundle.ui-testing";
		};
/* End PBXNativeTarget section */

/* Begin PBXProject section */
		CC0661B61DBEF81D0044F678 /* Project object */ = {
			isa = PBXProject;
			attributes = {
				LastSwiftUpdateCheck = 0800;
				LastUpgradeCheck = 0800;
				ORGANIZATIONNAME = eric;
				TargetAttributes = {
					CC0661BD1DBEF81D0044F678 = {
						CreatedOnToolsVersion = 8.0;
						ProvisioningStyle = Automatic;
					};
					CC0661D11DBEF81D0044F678 = {
						CreatedOnToolsVersion = 8.0;
						ProvisioningStyle = Automatic;
						TestTargetID = CC0661BD1DBEF81D0044F678;
					};
					CC0661DC1DBEF81D0044F678 = {
						CreatedOnToolsVersion = 8.0;
						ProvisioningStyle = Automatic;
						TestTargetID = CC0661BD1DBEF81D0044F678;
					};
				};
			};
			buildConfigurationList = CC0661B91DBEF81D0044F678 /* Build configuration list for PBXProject "2-testWithGithub" */;
			compatibilityVersion = "Xcode 3.2";
			developmentRegion = English;
			hasScannedForEncodings = 0;
			knownRegions = (
				en,
				Base,
			);
			mainGroup = CC0661B51DBEF81D0044F678;
			productRefGroup = CC0661BF1DBEF81D0044F678 /* Products */;
			projectDirPath = "";
			projectRoot = "";
			targets = (
				CC0661BD1DBEF81D0044F678 /* 2-testWithGithub */,
				CC0661D11DBEF81D0044F678 /* 2-testWithGithubTests */,
				CC0661DC1DBEF81D0044F678 /* 2-testWithGithubUITests */,
			);
		};
/* End PBXProject section */

/* Begin PBXResourcesBuildPhase section */
		CC0661BC1DBEF81D0044F678 /* Resources */ = {
			isa = PBXResourcesBuildPhase;
			buildActionMask = 2147483647;
			files = (
				CC0661CC1DBEF81D0044F678 /* LaunchScreen.storyboard in Resources */,
				CC0661C91DBEF81D0044F678 /* Assets.xcassets in Resources */,
				CC0661C71DBEF81D0044F678 /* Main.storyboard in Resources */,
			);
			runOnlyForDeploymentPostprocessing = 0;
		};
		CC0661D01DBEF81D0044F678 /* Resources */ = {
			isa = PBXResourcesBuildPhase;
			buildActionMask = 2147483647;
			files = (
			);
			runOnlyForDeploymentPostprocessing = 0;
		};
		CC0661DB1DBEF81D0044F678 /* Resources */ = {
			isa = PBXResourcesBuildPhase;
			buildActionMask = 2147483647;
			files = (
			);
			runOnlyForDeploymentPostprocessing = 0;
		};
/* End PBXResourcesBuildPhase section */

/* Begin PBXSourcesBuildPhase section */
		CC0661BA1DBEF81D0044F678 /* Sources */ = {
			isa = PBXSourcesBuildPhase;
			buildActionMask = 2147483647;
			files = (
				CC0661C41DBEF81D0044F678 /* ViewController.swift in Sources */,
				CC0661C21DBEF81D0044F678 /* AppDelegate.swift in Sources */,
			);
			runOnlyForDeploymentPostprocessing = 0;
		};
		CC0661CE1DBEF81D0044F678 /* Sources */ = {
			isa = PBXSourcesBuildPhase;
			buildActionMask = 2147483647;
			files = (
				CC0661D71DBEF81D0044F678 /* __testWithGithubTests.swift in Sources */,
			);
			runOnlyForDeploymentPostprocessing = 0;
		};
		CC0661D91DBEF81D0044F678 /* Sources */ = {
			isa = PBXSourcesBuildPhase;
			buildActionMask = 2147483647;
			files = (
				CC0661E21DBEF81D0044F678 /* __testWithGithubUITests.swift in Sources */,
			);
			runOnlyForDeploymentPostprocessing = 0;
		};
/* End PBXSourcesBuildPhase section */

/* Begin PBXTargetDependency section */
		CC0661D41DBEF81D0044F678 /* PBXTargetDependency */ = {
			isa = PBXTargetDependency;
			target = CC0661BD1DBEF81D0044F678 /* 2-testWithGithub */;
			targetProxy = CC0661D31DBEF81D0044F678 /* PBXContainerItemProxy */;
		};
		CC0661DF1DBEF81D0044F678 /* PBXTargetDependency */ = {
			isa = PBXTargetDependency;
			target = CC0661BD1DBEF81D0044F678 /* 2-testWithGithub */;
			targetProxy = CC0661DE1DBEF81D0044F678 /* PBXContainerItemProxy */;
		};
/* End PBXTargetDependency section */

/* Begin PBXVariantGroup section */
		CC0661C51DBEF81D0044F678 /* Main.storyboard */ = {
			isa = PBXVariantGroup;
			children = (
				CC0661C61DBEF81D0044F678 /* Base */,
			);
			name = Main.storyboard;
			sourceTree = "<group>";
		};
		CC0661CA1DBEF81D0044F678 /* LaunchScreen.storyboard */ = {
			isa = PBXVariantGroup;
			children = (
				CC0661CB1DBEF81D0044F678 /* Base */,
			);
			name = LaunchScreen.storyboard;
			sourceTree = "<group>";
		};
/* End PBXVariantGroup section */

/* Begin XCBuildConfiguration section */
		CC0661E41DBEF81D0044F678 /* Debug */ = {
			isa = XCBuildConfiguration;
			buildSettings = {
				ALWAYS_SEARCH_USER_PATHS = NO;
				CLANG_ANALYZER_NONNULL = YES;
				CLANG_CXX_LANGUAGE_STANDARD = "gnu++0x";
				CLANG_CXX_LIBRARY = "libc++";
				CLANG_ENABLE_MODULES = YES;
				CLANG_ENABLE_OBJC_ARC = YES;
				CLANG_WARN_BOOL_CONVERSION = YES;
				CLANG_WARN_CONSTANT_CONVERSION = YES;
				CLANG_WARN_DIRECT_OBJC_ISA_USAGE = YES_ERROR;
				CLANG_WARN_DOCUMENTATION_COMMENTS = YES;
				CLANG_WARN_EMPTY_BODY = YES;
				CLANG_WARN_ENUM_CONVERSION = YES;
				CLANG_WARN_INFINITE_RECURSION = YES;
				CLANG_WARN_INT_CONVERSION = YES;
				CLANG_WARN_OBJC_ROOT_CLASS = YES_ERROR;
				CLANG_WARN_SUSPICIOUS_MOVES = YES;
				CLANG_WARN_UNREACHABLE_CODE = YES;
				CLANG_WARN__DUPLICATE_METHOD_MATCH = YES;
				"CODE_SIGN_IDENTITY[sdk=iphoneos*]" = "iPhone Developer";
				COPY_PHASE_STRIP = NO;
				DEBUG_INFORMATION_FORMAT = dwarf;
				ENABLE_STRICT_OBJC_MSGSEND = YES;
				ENABLE_TESTABILITY = YES;
				GCC_C_LANGUAGE_STANDARD = gnu99;
				GCC_DYNAMIC_NO_PIC = NO;
				GCC_NO_COMMON_BLOCKS = YES;
				GCC_OPTIMIZATION_LEVEL = 0;
				GCC_PREPROCESSOR_DEFINITIONS = (
					"DEBUG=1",
					"$(inherited)",
				);
				GCC_WARN_64_TO_32_BIT_CONVERSION = YES;
				GCC_WARN_ABOUT_RETURN_TYPE = YES_ERROR;
				GCC_WARN_UNDECLARED_SELECTOR = YES;
				GCC_WARN_UNINITIALIZED_AUTOS = YES_AGGRESSIVE;
				GCC_WARN_UNUSED_FUNCTION = YES;
				GCC_WARN_UNUSED_VARIABLE = YES;
				IPHONEOS_DEPLOYMENT_TARGET = 10.0;
				MTL_ENABLE_DEBUG_INFO = YES;
				ONLY_ACTIVE_ARCH = YES;
				SDKROOT = iphoneos;
				SWIFT_ACTIVE_COMPILATION_CONDITIONS = DEBUG;
				SWIFT_OPTIMIZATION_LEVEL = "-Onone";
				TARGETED_DEVICE_FAMILY = "1,2";
			};
			name = Debug;
		};
		CC0661E51DBEF81D0044F678 /* Release */ = {
			isa = XCBuildConfiguration;
			buildSettings = {
				ALWAYS_SEARCH_USER_PATHS = NO;
				CLANG_ANALYZER_NONNULL = YES;
				CLANG_CXX_LANGUAGE_STANDARD = "gnu++0x";
				CLANG_CXX_LIBRARY = "libc++";
				CLANG_ENABLE_MODULES = YES;
				CLANG_ENABLE_OBJC_ARC = YES;
				CLANG_WARN_BOOL_CONVERSION = YES;
				CLANG_WARN_CONSTANT_CONVERSION = YES;
				CLANG_WARN_DIRECT_OBJC_ISA_USAGE = YES_ERROR;
				CLANG_WARN_DOCUMENTATION_COMMENTS = YES;
				CLANG_WARN_EMPTY_BODY = YES;
				CLANG_WARN_ENUM_CONVERSION = YES;
				CLANG_WARN_INFINITE_RECURSION = YES;
				CLANG_WARN_INT_CONVERSION = YES;
				CLANG_WARN_OBJC_ROOT_CLASS = YES_ERROR;
				CLANG_WARN_SUSPICIOUS_MOVES = YES;
				CLANG_WARN_UNREACHABLE_CODE = YES;
				CLANG_WARN__DUPLICATE_METHOD_MATCH = YES;
				"CODE_SIGN_IDENTITY[sdk=iphoneos*]" = "iPhone Developer";
				COPY_PHASE_STRIP = NO;
				DEBUG_INFORMATION_FORMAT = "dwarf-with-dsym";
				ENABLE_NS_ASSERTIONS = NO;
				ENABLE_STRICT_OBJC_MSGSEND = YES;
				GCC_C_LANGUAGE_STANDARD = gnu99;
				GCC_NO_COMMON_BLOCKS = YES;
				GCC_WARN_64_TO_32_BIT_CONVERSION = YES;
				GCC_WARN_ABOUT_RETURN_TYPE = YES_ERROR;
				GCC_WARN_UNDECLARED_SELECTOR = YES;
				GCC_WARN_UNINITIALIZED_AUTOS = YES_AGGRESSIVE;
				GCC_WARN_UNUSED_FUNCTION = YES;
				GCC_WARN_UNUSED_VARIABLE = YES;
				IPHONEOS_DEPLOYMENT_TARGET = 10.0;
				MTL_ENABLE_DEBUG_INFO = NO;
				SDKROOT = iphoneos;
				SWIFT_OPTIMIZATION_LEVEL = "-Owholemodule";
				TARGETED_DEVICE_FAMILY = "1,2";
				VALIDATE_PRODUCT = YES;
			};
			name = Release;
		};
		CC0661E71DBEF81D0044F678 /* Debug */ = {
			isa = XCBuildConfiguration;
			buildSettings = {
				ASSETCATALOG_COMPILER_APPICON_NAME = AppIcon;
				INFOPLIST_FILE = "2-testWithGithub/Info.plist";
				LD_RUNPATH_SEARCH_PATHS = "$(inherited) @executable_path/Frameworks";
				PRODUCT_BUNDLE_IDENTIFIER = "eric.--testWithGithub";
				PRODUCT_NAME = "$(TARGET_NAME)";
				SWIFT_VERSION = 3.0;
			};
			name = Debug;
		};
		CC0661E81DBEF81D0044F678 /* Release */ = {
			isa = XCBuildConfiguration;
			buildSettings = {
				ASSETCATALOG_COMPILER_APPICON_NAME = AppIcon;
				INFOPLIST_FILE = "2-testWithGithub/Info.plist";
				LD_RUNPATH_SEARCH_PATHS = "$(inherited) @executable_path/Frameworks";
				PRODUCT_BUNDLE_IDENTIFIER = "eric.--testWithGithub";
				PRODUCT_NAME = "$(TARGET_NAME)";
				SWIFT_VERSION = 3.0;
			};
			name = Release;
		};
		CC0661EA1DBEF81D0044F678 /* Debug */ = {
			isa = XCBuildConfiguration;
			buildSettings = {
				ALWAYS_EMBED_SWIFT_STANDARD_LIBRARIES = YES;
				BUNDLE_LOADER = "$(TEST_HOST)";
				INFOPLIST_FILE = "2-testWithGithubTests/Info.plist";
				LD_RUNPATH_SEARCH_PATHS = "$(inherited) @executable_path/Frameworks @loader_path/Frameworks";
				PRODUCT_BUNDLE_IDENTIFIER = "eric.--testWithGithubTests";
				PRODUCT_NAME = "$(TARGET_NAME)";
				SWIFT_VERSION = 3.0;
				TEST_HOST = "$(BUILT_PRODUCTS_DIR)/2-testWithGithub.app/2-testWithGithub";
			};
			name = Debug;
		};
		CC0661EB1DBEF81D0044F678 /* Release */ = {
			isa = XCBuildConfiguration;
			buildSettings = {
				ALWAYS_EMBED_SWIFT_STANDARD_LIBRARIES = YES;
				BUNDLE_LOADER = "$(TEST_HOST)";
				INFOPLIST_FILE = "2-testWithGithubTests/Info.plist";
				LD_RUNPATH_SEARCH_PATHS = "$(inherited) @executable_path/Frameworks @loader_path/Frameworks";
				PRODUCT_BUNDLE_IDENTIFIER = "eric.--testWithGithubTests";
				PRODUCT_NAME = "$(TARGET_NAME)";
				SWIFT_VERSION = 3.0;
				TEST_HOST = "$(BUILT_PRODUCTS_DIR)/2-testWithGithub.app/2-testWithGithub";
			};
			name = Release;
		};
		CC0661ED1DBEF81D0044F678 /* Debug */ = {
			isa = XCBuildConfiguration;
			buildSettings = {
				ALWAYS_EMBED_SWIFT_STANDARD_LIBRARIES = YES;
				INFOPLIST_FILE = "2-testWithGithubUITests/Info.plist";
				LD_RUNPATH_SEARCH_PATHS = "$(inherited) @executable_path/Frameworks @loader_path/Frameworks";
				PRODUCT_BUNDLE_IDENTIFIER = "eric.--testWithGithubUITests";
				PRODUCT_NAME = "$(TARGET_NAME)";
				SWIFT_VERSION = 3.0;
				TEST_TARGET_NAME = "2-testWithGithub";
			};
			name = Debug;
		};
		CC0661EE1DBEF81D0044F678 /* Release */ = {
			isa = XCBuildConfiguration;
			buildSettings = {
				ALWAYS_EMBED_SWIFT_STANDARD_LIBRARIES = YES;
				INFOPLIST_FILE = "2-testWithGithubUITests/Info.plist";
				LD_RUNPATH_SEARCH_PATHS = "$(inherited) @executable_path/Frameworks @loader_path/Frameworks";
				PRODUCT_BUNDLE_IDENTIFIER = "eric.--testWithGithubUITests";
				PRODUCT_NAME = "$(TARGET_NAME)";
				SWIFT_VERSION = 3.0;
				TEST_TARGET_NAME = "2-testWithGithub";
			};
			name = Release;
		};
/* End XCBuildConfiguration section */

/* Begin XCConfigurationList section */
		CC0661B91DBEF81D0044F678 /* Build configuration list for PBXProject "2-testWithGithub" */ = {
			isa = XCConfigurationList;
			buildConfigurations = (
				CC0661E41DBEF81D0044F678 /* Debug */,
				CC0661E51DBEF81D0044F678 /* Release */,
			);
			defaultConfigurationIsVisible = 0;
			defaultConfigurationName = Release;
		};
		CC0661E61DBEF81D0044F678 /* Build configuration list for PBXNativeTarget "2-testWithGithub" */ = {
			isa = XCConfigurationList;
			buildConfigurations = (
				CC0661E71DBEF81D0044F678 /* Debug */,
				CC0661E81DBEF81D0044F678 /* Release */,
			);
			defaultConfigurationIsVisible = 0;
		};
		CC0661E91DBEF81D0044F678 /* Build configuration list for PBXNativeTarget "2-testWithGithubTests" */ = {
			isa = XCConfigurationList;
			buildConfigurations = (
				CC0661EA1DBEF81D0044F678 /* Debug */,
				CC0661EB1DBEF81D0044F678 /* Release */,
			);
			defaultConfigurationIsVisible = 0;
		};
		CC0661EC1DBEF81D0044F678 /* Build configuration list for PBXNativeTarget "2-testWithGithubUITests" */ = {
			isa = XCConfigurationList;
			buildConfigurations = (
				CC0661ED1DBEF81D0044F678 /* Debug */,
				CC0661EE1DBEF81D0044F678 /* Release */,
			);
			defaultConfigurationIsVisible = 0;
		};
/* End XCConfigurationList section */
	};
	rootObject = CC0661B61DBEF81D0044F678 /* Project object */;
}
